// !$*UTF8*$!
{
	archiveVersion = 1;
	classes = {
	};
	objectVersion = 50;
	objects = {

/* Begin PBXBuildFile section */
		02BB4FB320BD16C000A69EA1 /* AppDelegate.swift in Sources */ = {isa = PBXBuildFile; fileRef = 02BB4FB220BD16C000A69EA1 /* AppDelegate.swift */; };
		02BB4FB520BD16C000A69EA1 /* ViewController.swift in Sources */ = {isa = PBXBuildFile; fileRef = 02BB4FB420BD16C000A69EA1 /* ViewController.swift */; };
		02BB4FB820BD16C000A69EA1 /* Main.storyboard in Resources */ = {isa = PBXBuildFile; fileRef = 02BB4FB620BD16C000A69EA1 /* Main.storyboard */; };
		02BB4FBA20BD16C200A69EA1 /* Assets.xcassets in Resources */ = {isa = PBXBuildFile; fileRef = 02BB4FB920BD16C200A69EA1 /* Assets.xcassets */; };
		02BB4FBD20BD16C200A69EA1 /* LaunchScreen.storyboard in Resources */ = {isa = PBXBuildFile; fileRef = 02BB4FBB20BD16C200A69EA1 /* LaunchScreen.storyboard */; };
		E1BA5F769CEC98AB472ED396 /* Pods_FastlaneAnyProject.framework in Frameworks */ = {isa = PBXBuildFile; fileRef = B03321EDDD86A6349B4E2AA6 /* Pods_FastlaneAnyProject.framework */; };
/* End PBXBuildFile section */

/* Begin PBXFileReference section */
		02BB4FAF20BD16C000A69EA1 /* FastlaneAnyProject.app */ = {isa = PBXFileReference; explicitFileType = wrapper.application; includeInIndex = 0; path = FastlaneAnyProject.app; sourceTree = BUILT_PRODUCTS_DIR; };
		02BB4FB220BD16C000A69EA1 /* AppDelegate.swift */ = {isa = PBXFileReference; lastKnownFileType = sourcecode.swift; path = AppDelegate.swift; sourceTree = "<group>"; };
		02BB4FB420BD16C000A69EA1 /* ViewController.swift */ = {isa = PBXFileReference; lastKnownFileType = sourcecode.swift; path = ViewController.swift; sourceTree = "<group>"; };
		02BB4FB720BD16C000A69EA1 /* Base */ = {isa = PBXFileReference; lastKnownFileType = file.storyboard; name = Base; path = Base.lproj/Main.storyboard; sourceTree = "<group>"; };
		02BB4FB920BD16C200A69EA1 /* Assets.xcassets */ = {isa = PBXFileReference; lastKnownFileType = folder.assetcatalog; path = Assets.xcassets; sourceTree = "<group>"; };
		02BB4FBC20BD16C200A69EA1 /* Base */ = {isa = PBXFileReference; lastKnownFileType = file.storyboard; name = Base; path = Base.lproj/LaunchScreen.storyboard; sourceTree = "<group>"; };
		02BB4FBE20BD16C200A69EA1 /* Info.plist */ = {isa = PBXFileReference; lastKnownFileType = text.plist.xml; path = Info.plist; sourceTree = "<group>"; };
		55C8DF641B134C941249957A /* Pods-FastlaneAnyProject.release.xcconfig */ = {isa = PBXFileReference; includeInIndex = 1; lastKnownFileType = text.xcconfig; name = "Pods-FastlaneAnyProject.release.xcconfig"; path = "Pods/Target Support Files/Pods-FastlaneAnyProject/Pods-FastlaneAnyProject.release.xcconfig"; sourceTree = "<group>"; };
		885037660BB6D5DD8A165984 /* Pods-FastlaneAnyProject.debug.xcconfig */ = {isa = PBXFileReference; includeInIndex = 1; lastKnownFileType = text.xcconfig; name = "Pods-FastlaneAnyProject.debug.xcconfig"; path = "Pods/Target Support Files/Pods-FastlaneAnyProject/Pods-FastlaneAnyProject.debug.xcconfig"; sourceTree = "<group>"; };
		B03321EDDD86A6349B4E2AA6 /* Pods_FastlaneAnyProject.framework */ = {isa = PBXFileReference; explicitFileType = wrapper.framework; includeInIndex = 0; path = Pods_FastlaneAnyProject.framework; sourceTree = BUILT_PRODUCTS_DIR; };
/* End PBXFileReference section */

/* Begin PBXFrameworksBuildPhase section */
		02BB4FAC20BD16C000A69EA1 /* Frameworks */ = {
			isa = PBXFrameworksBuildPhase;
			buildActionMask = 2147483647;
			files = (
				E1BA5F769CEC98AB472ED396 /* Pods_FastlaneAnyProject.framework in Frameworks */,
			);
			runOnlyForDeploymentPostprocessing = 0;
		};
/* End PBXFrameworksBuildPhase section */

/* Begin PBXGroup section */
		024B6FCA00496946672A6142 /* Pods */ = {
			isa = PBXGroup;
			children = (
				885037660BB6D5DD8A165984 /* Pods-FastlaneAnyProject.debug.xcconfig */,
				55C8DF641B134C941249957A /* Pods-FastlaneAnyProject.release.xcconfig */,
			);
			name = Pods;
			sourceTree = "<group>";
		};
		02BB4FA620BD16C000A69EA1 = {
			isa = PBXGroup;
			children = (
				02BB4FB120BD16C000A69EA1 /* FastlaneAnyProject */,
				02BB4FB020BD16C000A69EA1 /* Products */,
				024B6FCA00496946672A6142 /* Pods */,
				F2229C02CC78EADF44A718F6 /* Frameworks */,
			);
			sourceTree = "<group>";
		};
		02BB4FB020BD16C000A69EA1 /* Products */ = {
			isa = PBXGroup;
			children = (
				02BB4FAF20BD16C000A69EA1 /* FastlaneAnyProject.app */,
			);
			name = Products;
			sourceTree = "<group>";
		};
		02BB4FB120BD16C000A69EA1 /* FastlaneAnyProject */ = {
			isa = PBXGroup;
			children = (
				02BB4FB220BD16C000A69EA1 /* AppDelegate.swift */,
				02BB4FB420BD16C000A69EA1 /* ViewController.swift */,
				02BB4FB620BD16C000A69EA1 /* Main.storyboard */,
				02BB4FB920BD16C200A69EA1 /* Assets.xcassets */,
				02BB4FBB20BD16C200A69EA1 /* LaunchScreen.storyboard */,
				02BB4FBE20BD16C200A69EA1 /* Info.plist */,
			);
			path = FastlaneAnyProject;
			sourceTree = "<group>";
		};
		F2229C02CC78EADF44A718F6 /* Frameworks */ = {
			isa = PBXGroup;
			children = (
				B03321EDDD86A6349B4E2AA6 /* Pods_FastlaneAnyProject.framework */,
			);
			name = Frameworks;
			sourceTree = "<group>";
		};
/* End PBXGroup section */

/* Begin PBXNativeTarget section */
		02BB4FAE20BD16C000A69EA1 /* FastlaneAnyProject */ = {
			isa = PBXNativeTarget;
			buildConfigurationList = 02BB4FC120BD16C200A69EA1 /* Build configuration list for PBXNativeTarget "FastlaneAnyProject" */;
			buildPhases = (
				85E4B3B42D86D84678A94F04 /* [CP] Check Pods Manifest.lock */,
				02BB4FAB20BD16C000A69EA1 /* Sources */,
				02BB4FAC20BD16C000A69EA1 /* Frameworks */,
				02BB4FAD20BD16C000A69EA1 /* Resources */,
				E7FBD8629D2EDDEBDCA158D4 /* [CP] Copy Pods Resources */,
			);
			buildRules = (
			);
			dependencies = (
			);
			name = FastlaneAnyProject;
			productName = FastlaneAnyProject;
			productReference = 02BB4FAF20BD16C000A69EA1 /* FastlaneAnyProject.app */;
			productType = "com.apple.product-type.application";
		};
/* End PBXNativeTarget section */

/* Begin PBXProject section */
		02BB4FA720BD16C000A69EA1 /* Project object */ = {
			isa = PBXProject;
			attributes = {
				LastSwiftUpdateCheck = 0930;
				LastUpgradeCheck = 0930;
				ORGANIZATIONNAME = "Son Nguyen";
				TargetAttributes = {
					02BB4FAE20BD16C000A69EA1 = {
						CreatedOnToolsVersion = 9.3.1;
					};
				};
			};
			buildConfigurationList = 02BB4FAA20BD16C000A69EA1 /* Build configuration list for PBXProject "FastlaneAnyProject" */;
			compatibilityVersion = "Xcode 9.3";
			developmentRegion = en;
			hasScannedForEncodings = 0;
			knownRegions = (
				en,
				Base,
			);
			mainGroup = 02BB4FA620BD16C000A69EA1;
			productRefGroup = 02BB4FB020BD16C000A69EA1 /* Products */;
			projectDirPath = "";
			projectRoot = "";
			targets = (
				02BB4FAE20BD16C000A69EA1 /* FastlaneAnyProject */,
			);
		};
/* End PBXProject section */

/* Begin PBXResourcesBuildPhase section */
		02BB4FAD20BD16C000A69EA1 /* Resources */ = {
			isa = PBXResourcesBuildPhase;
			buildActionMask = 2147483647;
			files = (
				02BB4FBD20BD16C200A69EA1 /* LaunchScreen.storyboard in Resources */,
				02BB4FBA20BD16C200A69EA1 /* Assets.xcassets in Resources */,
				02BB4FB820BD16C000A69EA1 /* Main.storyboard in Resources */,
			);
			runOnlyForDeploymentPostprocessing = 0;
		};
/* End PBXResourcesBuildPhase section */

/* Begin PBXShellScriptBuildPhase section */
		85E4B3B42D86D84678A94F04 /* [CP] Check Pods Manifest.lock */ = {
			isa = PBXShellScriptBuildPhase;
			buildActionMask = 2147483647;
			files = (
			);
			inputPaths = (
				"${PODS_PODFILE_DIR_PATH}/Podfile.lock",
				"${PODS_ROOT}/Manifest.lock",
			);
			name = "[CP] Check Pods Manifest.lock";
			outputPaths = (
				"$(DERIVED_FILE_DIR)/Pods-FastlaneAnyProject-checkManifestLockResult.txt",
			);
			runOnlyForDeploymentPostprocessing = 0;
			shellPath = /bin/sh;
			shellScript = "diff \"${PODS_PODFILE_DIR_PATH}/Podfile.lock\" \"${PODS_ROOT}/Manifest.lock\" > /dev/null\nif [ $? != 0 ] ; then\n    # print error to STDERR\n    echo \"error: The sandbox is not in sync with the Podfile.lock. Run 'pod install' or update your CocoaPods installation.\" >&2\n    exit 1\nfi\n# This output is used by Xcode 'outputs' to avoid re-running this script phase.\necho \"SUCCESS\" > \"${SCRIPT_OUTPUT_FILE_0}\"\n";
			showEnvVarsInLog = 0;
		};
		E7FBD8629D2EDDEBDCA158D4 /* [CP] Copy Pods Resources */ = {
			isa = PBXShellScriptBuildPhase;
			buildActionMask = 2147483647;
			files = (
			);
			inputPaths = (
				"${SRCROOT}/Pods/Target Support Files/Pods-FastlaneAnyProject/Pods-FastlaneAnyProject-resources.sh",
				"${PODS_CONFIGURATION_BUILD_DIR}/HockeySDK/HockeySDKResources.bundle",
			);
			name = "[CP] Copy Pods Resources";
			outputPaths = (
				"${TARGET_BUILD_DIR}/${UNLOCALIZED_RESOURCES_FOLDER_PATH}/HockeySDKResources.bundle",
			);
			runOnlyForDeploymentPostprocessing = 0;
			shellPath = /bin/sh;
			shellScript = "\"${SRCROOT}/Pods/Target Support Files/Pods-FastlaneAnyProject/Pods-FastlaneAnyProject-resources.sh\"\n";
			showEnvVarsInLog = 0;
		};
/* End PBXShellScriptBuildPhase section */

/* Begin PBXSourcesBuildPhase section */
		02BB4FAB20BD16C000A69EA1 /* Sources */ = {
			isa = PBXSourcesBuildPhase;
			buildActionMask = 2147483647;
			files = (
				02BB4FB520BD16C000A69EA1 /* ViewController.swift in Sources */,
				02BB4FB320BD16C000A69EA1 /* AppDelegate.swift in Sources */,
			);
			runOnlyForDeploymentPostprocessing = 0;
		};
/* End PBXSourcesBuildPhase section */

/* Begin PBXVariantGroup section */
		02BB4FB620BD16C000A69EA1 /* Main.storyboard */ = {
			isa = PBXVariantGroup;
			children = (
				02BB4FB720BD16C000A69EA1 /* Base */,
			);
			name = Main.storyboard;
			sourceTree = "<group>";
		};
		02BB4FBB20BD16C200A69EA1 /* LaunchScreen.storyboard */ = {
			isa = PBXVariantGroup;
			children = (
				02BB4FBC20BD16C200A69EA1 /* Base */,
			);
			name = LaunchScreen.storyboard;
			sourceTree = "<group>";
		};
/* End PBXVariantGroup section */

/* Begin XCBuildConfiguration section */
		02BB4FBF20BD16C200A69EA1 /* Debug */ = {
			isa = XCBuildConfiguration;
			buildSettings = {
				ALWAYS_SEARCH_USER_PATHS = NO;
				CLANG_ANALYZER_NONNULL = YES;
				CLANG_ANALYZER_NUMBER_OBJECT_CONVERSION = YES_AGGRESSIVE;
				CLANG_CXX_LANGUAGE_STANDARD = "gnu++14";
				CLANG_CXX_LIBRARY = "libc++";
				CLANG_ENABLE_MODULES = YES;
				CLANG_ENABLE_OBJC_ARC = YES;
				CLANG_ENABLE_OBJC_WEAK = YES;
				CLANG_WARN_BLOCK_CAPTURE_AUTORELEASING = YES;
				CLANG_WARN_BOOL_CONVERSION = YES;
				CLANG_WARN_COMMA = YES;
				CLANG_WARN_CONSTANT_CONVERSION = YES;
				CLANG_WARN_DEPRECATED_OBJC_IMPLEMENTATIONS = YES;
				CLANG_WARN_DIRECT_OBJC_ISA_USAGE = YES_ERROR;
				CLANG_WARN_DOCUMENTATION_COMMENTS = YES;
				CLANG_WARN_EMPTY_BODY = YES;
				CLANG_WARN_ENUM_CONVERSION = YES;
				CLANG_WARN_INFINITE_RECURSION = YES;
				CLANG_WARN_INT_CONVERSION = YES;
				CLANG_WARN_NON_LITERAL_NULL_CONVERSION = YES;
				CLANG_WARN_OBJC_IMPLICIT_RETAIN_SELF = YES;
				CLANG_WARN_OBJC_LITERAL_CONVERSION = YES;
				CLANG_WARN_OBJC_ROOT_CLASS = YES_ERROR;
				CLANG_WARN_RANGE_LOOP_ANALYSIS = YES;
				CLANG_WARN_STRICT_PROTOTYPES = YES;
				CLANG_WARN_SUSPICIOUS_MOVE = YES;
				CLANG_WARN_UNGUARDED_AVAILABILITY = YES_AGGRESSIVE;
				CLANG_WARN_UNREACHABLE_CODE = YES;
				CLANG_WARN__DUPLICATE_METHOD_MATCH = YES;
				CODE_SIGN_IDENTITY = "iPhone Developer";
				COPY_PHASE_STRIP = NO;
				DEBUG_INFORMATION_FORMAT = dwarf;
				ENABLE_STRICT_OBJC_MSGSEND = YES;
				ENABLE_TESTABILITY = YES;
				GCC_C_LANGUAGE_STANDARD = gnu11;
				GCC_DYNAMIC_NO_PIC = NO;
				GCC_NO_COMMON_BLOCKS = YES;
				GCC_OPTIMIZATION_LEVEL = 0;
				GCC_PREPROCESSOR_DEFINITIONS = (
					"DEBUG=1",
					"$(inherited)",
				);
				GCC_WARN_64_TO_32_BIT_CONVERSION = YES;
				GCC_WARN_ABOUT_RETURN_TYPE = YES_ERROR;
				GCC_WARN_UNDECLARED_SELECTOR = YES;
				GCC_WARN_UNINITIALIZED_AUTOS = YES_AGGRESSIVE;
				GCC_WARN_UNUSED_FUNCTION = YES;
				GCC_WARN_UNUSED_VARIABLE = YES;
				IPHONEOS_DEPLOYMENT_TARGET = 11.3;
				MTL_ENABLE_DEBUG_INFO = YES;
				ONLY_ACTIVE_ARCH = YES;
				SDKROOT = iphoneos;
				SWIFT_ACTIVE_COMPILATION_CONDITIONS = DEBUG;
				SWIFT_OPTIMIZATION_LEVEL = "-Onone";
			};
			name = Debug;
		};
		02BB4FC020BD16C200A69EA1 /* Release */ = {
			isa = XCBuildConfiguration;
			buildSettings = {
				ALWAYS_SEARCH_USER_PATHS = NO;
				CLANG_ANALYZER_NONNULL = YES;
				CLANG_ANALYZER_NUMBER_OBJECT_CONVERSION = YES_AGGRESSIVE;
				CLANG_CXX_LANGUAGE_STANDARD = "gnu++14";
				CLANG_CXX_LIBRARY = "libc++";
				CLANG_ENABLE_MODULES = YES;
				CLANG_ENABLE_OBJC_ARC = YES;
				CLANG_ENABLE_OBJC_WEAK = YES;
				CLANG_WARN_BLOCK_CAPTURE_AUTORELEASING = YES;
				CLANG_WARN_BOOL_CONVERSION = YES;
				CLANG_WARN_COMMA = YES;
				CLANG_WARN_CONSTANT_CONVERSION = YES;
				CLANG_WARN_DEPRECATED_OBJC_IMPLEMENTATIONS = YES;
				CLANG_WARN_DIRECT_OBJC_ISA_USAGE = YES_ERROR;
				CLANG_WARN_DOCUMENTATION_COMMENTS = YES;
				CLANG_WARN_EMPTY_BODY = YES;
				CLANG_WARN_ENUM_CONVERSION = YES;
				CLANG_WARN_INFINITE_RECURSION = YES;
				CLANG_WARN_INT_CONVERSION = YES;
				CLANG_WARN_NON_LITERAL_NULL_CONVERSION = YES;
				CLANG_WARN_OBJC_IMPLICIT_RETAIN_SELF = YES;
				CLANG_WARN_OBJC_LITERAL_CONVERSION = YES;
				CLANG_WARN_OBJC_ROOT_CLASS = YES_ERROR;
				CLANG_WARN_RANGE_LOOP_ANALYSIS = YES;
				CLANG_WARN_STRICT_PROTOTYPES = YES;
				CLANG_WARN_SUSPICIOUS_MOVE = YES;
				CLANG_WARN_UNGUARDED_AVAILABILITY = YES_AGGRESSIVE;
				CLANG_WARN_UNREACHABLE_CODE = YES;
				CLANG_WARN__DUPLICATE_METHOD_MATCH = YES;
				CODE_SIGN_IDENTITY = "iPhone Developer";
				COPY_PHASE_STRIP = NO;
				DEBUG_INFORMATION_FORMAT = "dwarf-with-dsym";
				ENABLE_NS_ASSERTIONS = NO;
				ENABLE_STRICT_OBJC_MSGSEND = YES;
				GCC_C_LANGUAGE_STANDARD = gnu11;
				GCC_NO_COMMON_BLOCKS = YES;
				GCC_WARN_64_TO_32_BIT_CONVERSION = YES;
				GCC_WARN_ABOUT_RETURN_TYPE = YES_ERROR;
				GCC_WARN_UNDECLARED_SELECTOR = YES;
				GCC_WARN_UNINITIALIZED_AUTOS = YES_AGGRESSIVE;
				GCC_WARN_UNUSED_FUNCTION = YES;
				GCC_WARN_UNUSED_VARIABLE = YES;
				IPHONEOS_DEPLOYMENT_TARGET = 11.3;
				MTL_ENABLE_DEBUG_INFO = NO;
				SDKROOT = iphoneos;
				SWIFT_COMPILATION_MODE = wholemodule;
				SWIFT_OPTIMIZATION_LEVEL = "-O";
				VALIDATE_PRODUCT = YES;
			};
			name = Release;
		};
		02BB4FC220BD16C200A69EA1 /* Debug */ = {
			isa = XCBuildConfiguration;
			baseConfigurationReference = 885037660BB6D5DD8A165984 /* Pods-FastlaneAnyProject.debug.xcconfig */;
			buildSettings = {
				ASSETCATALOG_COMPILER_APPICON_NAME = AppIcon;
				CODE_SIGN_IDENTITY = "iPhone Distribution";
				CODE_SIGN_STYLE = Manual;
				CURRENT_PROJECT_VERSION = 1.0.0;
				DEVELOPMENT_TEAM = 2S34DXWM2G;
				INFOPLIST_FILE = FastlaneAnyProject/Info.plist;
				LD_RUNPATH_SEARCH_PATHS = (
					"$(inherited)",
					"@executable_path/Frameworks",
				);
				PRODUCT_BUNDLE_IDENTIFIER = com.poc.FastlaneAnyProject;
				PRODUCT_NAME = "$(TARGET_NAME)";
				PROVISIONING_PROFILE = "0223b740-532f-42a6-847c-1b52f375d2e8";
				PROVISIONING_PROFILE_SPECIFIER = "match AdHoc com.poc.FastlaneAnyProject";
				SWIFT_VERSION = 4.0;
				TARGETED_DEVICE_FAMILY = "1,2";
				VERSIONING_SYSTEM = "apple-generic";
			};
			name = Debug;
		};
		02BB4FC320BD16C200A69EA1 /* Release */ = {
			isa = XCBuildConfiguration;
			baseConfigurationReference = 55C8DF641B134C941249957A /* Pods-FastlaneAnyProject.release.xcconfig */;
			buildSettings = {
				ASSETCATALOG_COMPILER_APPICON_NAME = AppIcon;
				CODE_SIGN_IDENTITY = "iPhone Distribution";
				CODE_SIGN_STYLE = Manual;
				CURRENT_PROJECT_VERSION = 1.0.0;
				DEVELOPMENT_TEAM = 2S34DXWM2G;
				INFOPLIST_FILE = FastlaneAnyProject/Info.plist;
				LD_RUNPATH_SEARCH_PATHS = (
					"$(inherited)",
					"@executable_path/Frameworks",
				);
				PRODUCT_BUNDLE_IDENTIFIER = com.poc.FastlaneAnyProject;
				PRODUCT_NAME = "$(TARGET_NAME)";
				PROVISIONING_PROFILE = "0223b740-532f-42a6-847c-1b52f375d2e8";
				PROVISIONING_PROFILE_SPECIFIER = "match AdHoc com.poc.FastlaneAnyProject";
				SWIFT_VERSION = 4.0;
				TARGETED_DEVICE_FAMILY = "1,2";
				VERSIONING_SYSTEM = "apple-generic";
			};
			name = Release;
		};
/* End XCBuildConfiguration section */

/* Begin XCConfigurationList section */
		02BB4FAA20BD16C000A69EA1 /* Build configuration list for PBXProject "FastlaneAnyProject" */ = {
			isa = XCConfigurationList;
			buildConfigurations = (
				02BB4FBF20BD16C200A69EA1 /* Debug */,
				02BB4FC020BD16C200A69EA1 /* Release */,
			);
			defaultConfigurationIsVisible = 0;
			defaultConfigurationName = Release;
		};
		02BB4FC120BD16C200A69EA1 /* Build configuration list for PBXNativeTarget "FastlaneAnyProject" */ = {
			isa = XCConfigurationList;
			buildConfigurations = (
				02BB4FC220BD16C200A69EA1 /* Debug */,
				02BB4FC320BD16C200A69EA1 /* Release */,
			);
			defaultConfigurationIsVisible = 0;
			defaultConfigurationName = Release;
		};
/* End XCConfigurationList section */
	};
	rootObject = 02BB4FA720BD16C000A69EA1 /* Project object */;
}
